// !$*UTF8*$!
{
	archiveVersion = 1;
	classes = {
	};
	objectVersion = 46;
	objects = {

/* Begin PBXBuildFile section */
		B3E7B58A1CC2AC0600A0062D /* RNCooey.m in Sources */ = {isa = PBXBuildFile; fileRef = B3E7B5891CC2AC0600A0062D /* RNCooey.m */; };
		DD3BB83D213631DF0017548C /* Glucometer.m in Sources */ = {isa = PBXBuildFile; fileRef = DD3BB83C213631DF0017548C /* Glucometer.m */; };
		DD3BB840213631EF0017548C /* WeighingScale.m in Sources */ = {isa = PBXBuildFile; fileRef = DD3BB83F213631EF0017548C /* WeighingScale.m */; };
		DD3BB85E21364D5F0017548C /* libBloodTester.a in Frameworks */ = {isa = PBXBuildFile; fileRef = DD3BB85221364D5F0017548C /* libBloodTester.a */; };
		DD3BB85F21364D5F0017548C /* CADebugMacros.cpp in Sources */ = {isa = PBXBuildFile; fileRef = DD3BB85521364D5F0017548C /* CADebugMacros.cpp */; };
		DD3BB86021364D5F0017548C /* CAXException.cpp in Sources */ = {isa = PBXBuildFile; fileRef = DD3BB85721364D5F0017548C /* CAXException.cpp */; };
		DD3BB86121364D5F0017548C /* CADebugPrintf.cpp in Sources */ = {isa = PBXBuildFile; fileRef = DD3BB85A21364D5F0017548C /* CADebugPrintf.cpp */; };
		DD3BB86221364D5F0017548C /* CAStreamBasicDescription.cpp in Sources */ = {isa = PBXBuildFile; fileRef = DD3BB85B21364D5F0017548C /* CAStreamBasicDescription.cpp */; };
		DD3BB86721364DB40017548C /* AudioToolbox.framework in Frameworks */ = {isa = PBXBuildFile; fileRef = DD3BB86621364DB40017548C /* AudioToolbox.framework */; };
		DD3BB86921364DBB0017548C /* AVFoundation.framework in Frameworks */ = {isa = PBXBuildFile; fileRef = DD3BB86821364DBB0017548C /* AVFoundation.framework */; };
		DD3BB86B21364DC10017548C /* MediaPlayer.framework in Frameworks */ = {isa = PBXBuildFile; fileRef = DD3BB86A21364DC10017548C /* MediaPlayer.framework */; };
		DD3BB86D21364DC60017548C /* CoreGraphics.framework in Frameworks */ = {isa = PBXBuildFile; fileRef = DD3BB86C21364DC60017548C /* CoreGraphics.framework */; };
		DD3BB86F21364DD00017548C /* Foundation.framework in Frameworks */ = {isa = PBXBuildFile; fileRef = DD3BB86E21364DD00017548C /* Foundation.framework */; };
		DD3BB87121364DD60017548C /* UIKit.framework in Frameworks */ = {isa = PBXBuildFile; fileRef = DD3BB87021364DD60017548C /* UIKit.framework */; };
		DDA3468820F31F1F00F1F65B /* VoiceBPMonitor.m in Sources */ = {isa = PBXBuildFile; fileRef = DDA3468720F31F1F00F1F65B /* VoiceBPMonitor.m */; };
		DDA3468A20F3213A00F1F65B /* VoiceBPLibrary.framework in Frameworks */ = {isa = PBXBuildFile; fileRef = DDA3468920F3213A00F1F65B /* VoiceBPLibrary.framework */; };
		DDF78653213BCCFD0068BE1F /* CooeyA2WeighingScale.framework in Frameworks */ = {isa = PBXBuildFile; fileRef = DDF78652213BCCFD0068BE1F /* CooeyA2WeighingScale.framework */; };
		DDF78659213BCDA80068BE1F /* CooeyA2WeighingScale.framework in Frameworks */ = {isa = PBXBuildFile; fileRef = DDF78658213BCDA80068BE1F /* CooeyA2WeighingScale.framework */; };
/* End PBXBuildFile section */

/* Begin PBXCopyFilesBuildPhase section */
		58B511D91A9E6C8500147676 /* CopyFiles */ = {
			isa = PBXCopyFilesBuildPhase;
			buildActionMask = 2147483647;
			dstPath = "include/$(PRODUCT_NAME)";
			dstSubfolderSpec = 16;
			files = (
			);
			runOnlyForDeploymentPostprocessing = 0;
		};
/* End PBXCopyFilesBuildPhase section */

/* Begin PBXFileReference section */
		134814201AA4EA6300B7C361 /* libRNCooey.a */ = {isa = PBXFileReference; explicitFileType = archive.ar; includeInIndex = 0; path = libRNCooey.a; sourceTree = BUILT_PRODUCTS_DIR; };
		B3E7B5881CC2AC0600A0062D /* RNCooey.h */ = {isa = PBXFileReference; fileEncoding = 4; lastKnownFileType = sourcecode.c.h; path = RNCooey.h; sourceTree = "<group>"; };
		B3E7B5891CC2AC0600A0062D /* RNCooey.m */ = {isa = PBXFileReference; fileEncoding = 4; lastKnownFileType = sourcecode.c.objc; path = RNCooey.m; sourceTree = "<group>"; };
		DD3BB83B213631DF0017548C /* Glucometer.h */ = {isa = PBXFileReference; lastKnownFileType = sourcecode.c.h; path = Glucometer.h; sourceTree = "<group>"; };
		DD3BB83C213631DF0017548C /* Glucometer.m */ = {isa = PBXFileReference; lastKnownFileType = sourcecode.c.objc; path = Glucometer.m; sourceTree = "<group>"; };
		DD3BB83E213631EF0017548C /* WeighingScale.h */ = {isa = PBXFileReference; lastKnownFileType = sourcecode.c.h; path = WeighingScale.h; sourceTree = "<group>"; };
		DD3BB83F213631EF0017548C /* WeighingScale.m */ = {isa = PBXFileReference; lastKnownFileType = sourcecode.c.objc; path = WeighingScale.m; sourceTree = "<group>"; };
		DD3BB85221364D5F0017548C /* libBloodTester.a */ = {isa = PBXFileReference; lastKnownFileType = archive.ar; path = libBloodTester.a; sourceTree = "<group>"; };
		DD3BB85421364D5F0017548C /* CAStreamBasicDescription.h */ = {isa = PBXFileReference; fileEncoding = 4; lastKnownFileType = sourcecode.c.h; path = CAStreamBasicDescription.h; sourceTree = "<group>"; };
		DD3BB85521364D5F0017548C /* CADebugMacros.cpp */ = {isa = PBXFileReference; fileEncoding = 4; lastKnownFileType = sourcecode.cpp.cpp; path = CADebugMacros.cpp; sourceTree = "<group>"; };
		DD3BB85621364D5F0017548C /* CADebugPrintf.h */ = {isa = PBXFileReference; fileEncoding = 4; lastKnownFileType = sourcecode.c.h; path = CADebugPrintf.h; sourceTree = "<group>"; };
		DD3BB85721364D5F0017548C /* CAXException.cpp */ = {isa = PBXFileReference; fileEncoding = 4; lastKnownFileType = sourcecode.cpp.cpp; path = CAXException.cpp; sourceTree = "<group>"; };
		DD3BB85821364D5F0017548C /* CAXException.h */ = {isa = PBXFileReference; fileEncoding = 4; lastKnownFileType = sourcecode.c.h; path = CAXException.h; sourceTree = "<group>"; };
		DD3BB85921364D5F0017548C /* CADebugMacros.h */ = {isa = PBXFileReference; fileEncoding = 4; lastKnownFileType = sourcecode.c.h; path = CADebugMacros.h; sourceTree = "<group>"; };
		DD3BB85A21364D5F0017548C /* CADebugPrintf.cpp */ = {isa = PBXFileReference; fileEncoding = 4; lastKnownFileType = sourcecode.cpp.cpp; path = CADebugPrintf.cpp; sourceTree = "<group>"; };
		DD3BB85B21364D5F0017548C /* CAStreamBasicDescription.cpp */ = {isa = PBXFileReference; fileEncoding = 4; lastKnownFileType = sourcecode.cpp.cpp; path = CAStreamBasicDescription.cpp; sourceTree = "<group>"; };
		DD3BB85C21364D5F0017548C /* CAMath.h */ = {isa = PBXFileReference; fileEncoding = 4; lastKnownFileType = sourcecode.c.h; path = CAMath.h; sourceTree = "<group>"; };
		DD3BB85D21364D5F0017548C /* BloodTester.h */ = {isa = PBXFileReference; fileEncoding = 4; lastKnownFileType = sourcecode.c.h; path = BloodTester.h; sourceTree = "<group>"; };
		DD3BB86421364DA50017548C /* libz.1.tbd */ = {isa = PBXFileReference; lastKnownFileType = "sourcecode.text-based-dylib-definition"; name = libz.1.tbd; path = usr/lib/libz.1.tbd; sourceTree = SDKROOT; };
		DD3BB86621364DB40017548C /* AudioToolbox.framework */ = {isa = PBXFileReference; lastKnownFileType = wrapper.framework; name = AudioToolbox.framework; path = System/Library/Frameworks/AudioToolbox.framework; sourceTree = SDKROOT; };
		DD3BB86821364DBB0017548C /* AVFoundation.framework */ = {isa = PBXFileReference; lastKnownFileType = wrapper.framework; name = AVFoundation.framework; path = System/Library/Frameworks/AVFoundation.framework; sourceTree = SDKROOT; };
		DD3BB86A21364DC10017548C /* MediaPlayer.framework */ = {isa = PBXFileReference; lastKnownFileType = wrapper.framework; name = MediaPlayer.framework; path = System/Library/Frameworks/MediaPlayer.framework; sourceTree = SDKROOT; };
		DD3BB86C21364DC60017548C /* CoreGraphics.framework */ = {isa = PBXFileReference; lastKnownFileType = wrapper.framework; name = CoreGraphics.framework; path = System/Library/Frameworks/CoreGraphics.framework; sourceTree = SDKROOT; };
		DD3BB86E21364DD00017548C /* Foundation.framework */ = {isa = PBXFileReference; lastKnownFileType = wrapper.framework; name = Foundation.framework; path = System/Library/Frameworks/Foundation.framework; sourceTree = SDKROOT; };
		DD3BB87021364DD60017548C /* UIKit.framework */ = {isa = PBXFileReference; lastKnownFileType = wrapper.framework; name = UIKit.framework; path = System/Library/Frameworks/UIKit.framework; sourceTree = SDKROOT; };
		DD3BB87221364DE10017548C /* libz.1.dylib */ = {isa = PBXFileReference; lastKnownFileType = "compiled.mach-o.dylib"; name = libz.1.dylib; path = ../../../../../usr/lib/libz.1.dylib; sourceTree = "<group>"; };
		DDA3468620F31F1F00F1F65B /* VoiceBPMonitor.h */ = {isa = PBXFileReference; lastKnownFileType = sourcecode.c.h; path = VoiceBPMonitor.h; sourceTree = "<group>"; };
		DDA3468720F31F1F00F1F65B /* VoiceBPMonitor.m */ = {isa = PBXFileReference; lastKnownFileType = sourcecode.c.objc; path = VoiceBPMonitor.m; sourceTree = "<group>"; };
		DDA3468920F3213A00F1F65B /* VoiceBPLibrary.framework */ = {isa = PBXFileReference; lastKnownFileType = wrapper.framework; path = VoiceBPLibrary.framework; sourceTree = "<group>"; };
		DDF78652213BCCFD0068BE1F /* CooeyA2WeighingScale.framework */ = {isa = PBXFileReference; lastKnownFileType = wrapper.framework; path = CooeyA2WeighingScale.framework; sourceTree = "<group>"; };
		DDF78658213BCDA80068BE1F /* CooeyA2WeighingScale.framework */ = {isa = PBXFileReference; lastKnownFileType = wrapper.framework; path = CooeyA2WeighingScale.framework; sourceTree = "<group>"; };
/* End PBXFileReference section */

/* Begin PBXFrameworksBuildPhase section */
		58B511D81A9E6C8500147676 /* Frameworks */ = {
			isa = PBXFrameworksBuildPhase;
			buildActionMask = 2147483647;
			files = (
				DDF78653213BCCFD0068BE1F /* CooeyA2WeighingScale.framework in Frameworks */,
				DDA3468A20F3213A00F1F65B /* VoiceBPLibrary.framework in Frameworks */,
				DD3BB87121364DD60017548C /* UIKit.framework in Frameworks */,
				DD3BB86F21364DD00017548C /* Foundation.framework in Frameworks */,
				DD3BB86D21364DC60017548C /* CoreGraphics.framework in Frameworks */,
				DD3BB86B21364DC10017548C /* MediaPlayer.framework in Frameworks */,
				DD3BB86921364DBB0017548C /* AVFoundation.framework in Frameworks */,
				DD3BB86721364DB40017548C /* AudioToolbox.framework in Frameworks */,
				DDF78659213BCDA80068BE1F /* CooeyA2WeighingScale.framework in Frameworks */,
				DD3BB85E21364D5F0017548C /* libBloodTester.a in Frameworks */,
			);
			runOnlyForDeploymentPostprocessing = 0;
		};
/* End PBXFrameworksBuildPhase section */

/* Begin PBXGroup section */
		134814211AA4EA7D00B7C361 /* Products */ = {
			isa = PBXGroup;
			children = (
				134814201AA4EA6300B7C361 /* libRNCooey.a */,
			);
			name = Products;
			sourceTree = "<group>";
		};
		58B511D21A9E6C8500147676 = {
			isa = PBXGroup;
			children = (
				DDF78658213BCDA80068BE1F /* CooeyA2WeighingScale.framework */,
				DD3BB84E21364D260017548C /* GlucometerSDK */,
				DD3BB83E213631EF0017548C /* WeighingScale.h */,
				DD3BB83F213631EF0017548C /* WeighingScale.m */,
				DD3BB83B213631DF0017548C /* Glucometer.h */,
				DD3BB83C213631DF0017548C /* Glucometer.m */,
				DDA3468620F31F1F00F1F65B /* VoiceBPMonitor.h */,
				DDA3468720F31F1F00F1F65B /* VoiceBPMonitor.m */,
				B3E7B5881CC2AC0600A0062D /* RNCooey.h */,
				B3E7B5891CC2AC0600A0062D /* RNCooey.m */,
				DDA3468920F3213A00F1F65B /* VoiceBPLibrary.framework */,
				134814211AA4EA7D00B7C361 /* Products */,
				DD3BB86321364DA50017548C /* Frameworks */,
			);
			sourceTree = "<group>";
		};
		DD3BB84E21364D260017548C /* GlucometerSDK */ = {
			isa = PBXGroup;
			children = (
				DD3BB85D21364D5F0017548C /* BloodTester.h */,
				DD3BB85221364D5F0017548C /* libBloodTester.a */,
				DD3BB85321364D5F0017548C /* Public Utility */,
			);
			path = GlucometerSDK;
			sourceTree = "<group>";
		};
		DD3BB85321364D5F0017548C /* Public Utility */ = {
			isa = PBXGroup;
			children = (
				DD3BB85421364D5F0017548C /* CAStreamBasicDescription.h */,
				DD3BB85521364D5F0017548C /* CADebugMacros.cpp */,
				DD3BB85621364D5F0017548C /* CADebugPrintf.h */,
				DD3BB85721364D5F0017548C /* CAXException.cpp */,
				DD3BB85821364D5F0017548C /* CAXException.h */,
				DD3BB85921364D5F0017548C /* CADebugMacros.h */,
				DD3BB85A21364D5F0017548C /* CADebugPrintf.cpp */,
				DD3BB85B21364D5F0017548C /* CAStreamBasicDescription.cpp */,
				DD3BB85C21364D5F0017548C /* CAMath.h */,
			);
			path = "Public Utility";
			sourceTree = "<group>";
		};
		DD3BB86321364DA50017548C /* Frameworks */ = {
			isa = PBXGroup;
			children = (
				DDF78652213BCCFD0068BE1F /* CooeyA2WeighingScale.framework */,
				DD3BB87221364DE10017548C /* libz.1.dylib */,
				DD3BB87021364DD60017548C /* UIKit.framework */,
				DD3BB86E21364DD00017548C /* Foundation.framework */,
				DD3BB86C21364DC60017548C /* CoreGraphics.framework */,
				DD3BB86A21364DC10017548C /* MediaPlayer.framework */,
				DD3BB86821364DBB0017548C /* AVFoundation.framework */,
				DD3BB86621364DB40017548C /* AudioToolbox.framework */,
				DD3BB86421364DA50017548C /* libz.1.tbd */,
			);
			name = Frameworks;
			sourceTree = "<group>";
		};
/* End PBXGroup section */

/* Begin PBXNativeTarget section */
		58B511DA1A9E6C8500147676 /* RNCooey */ = {
			isa = PBXNativeTarget;
			buildConfigurationList = 58B511EF1A9E6C8500147676 /* Build configuration list for PBXNativeTarget "RNCooey" */;
			buildPhases = (
				58B511D71A9E6C8500147676 /* Sources */,
				58B511D81A9E6C8500147676 /* Frameworks */,
				58B511D91A9E6C8500147676 /* CopyFiles */,
			);
			buildRules = (
			);
			dependencies = (
			);
			name = RNCooey;
			productName = RCTDataManager;
			productReference = 134814201AA4EA6300B7C361 /* libRNCooey.a */;
			productType = "com.apple.product-type.library.static";
		};
/* End PBXNativeTarget section */

/* Begin PBXProject section */
		58B511D31A9E6C8500147676 /* Project object */ = {
			isa = PBXProject;
			attributes = {
				LastUpgradeCheck = 940;
				ORGANIZATIONNAME = Facebook;
				TargetAttributes = {
					58B511DA1A9E6C8500147676 = {
						CreatedOnToolsVersion = 6.1.1;
					};
				};
			};
			buildConfigurationList = 58B511D61A9E6C8500147676 /* Build configuration list for PBXProject "RNCooey" */;
			compatibilityVersion = "Xcode 3.2";
			developmentRegion = English;
			hasScannedForEncodings = 0;
			knownRegions = (
				en,
			);
			mainGroup = 58B511D21A9E6C8500147676;
			productRefGroup = 58B511D21A9E6C8500147676;
			projectDirPath = "";
			projectRoot = "";
			targets = (
				58B511DA1A9E6C8500147676 /* RNCooey */,
			);
		};
/* End PBXProject section */

/* Begin PBXSourcesBuildPhase section */
		58B511D71A9E6C8500147676 /* Sources */ = {
			isa = PBXSourcesBuildPhase;
			buildActionMask = 2147483647;
			files = (
				DD3BB86021364D5F0017548C /* CAXException.cpp in Sources */,
				DD3BB840213631EF0017548C /* WeighingScale.m in Sources */,
				B3E7B58A1CC2AC0600A0062D /* RNCooey.m in Sources */,
				DD3BB86221364D5F0017548C /* CAStreamBasicDescription.cpp in Sources */,
				DDA3468820F31F1F00F1F65B /* VoiceBPMonitor.m in Sources */,
				DD3BB85F21364D5F0017548C /* CADebugMacros.cpp in Sources */,
				DD3BB86121364D5F0017548C /* CADebugPrintf.cpp in Sources */,
				DD3BB83D213631DF0017548C /* Glucometer.m in Sources */,
			);
			runOnlyForDeploymentPostprocessing = 0;
		};
/* End PBXSourcesBuildPhase section */

/* Begin XCBuildConfiguration section */
		0A04CABE43304212BCA0405A /* Beta.Debug */ = {
			isa = XCBuildConfiguration;
			buildSettings = {
				ALWAYS_SEARCH_USER_PATHS = NO;
				CLANG_CXX_LANGUAGE_STANDARD = "gnu++0x";
				CLANG_CXX_LIBRARY = "libc++";
				CLANG_ENABLE_MODULES = YES;
				CLANG_ENABLE_OBJC_ARC = YES;
				CLANG_WARN_BLOCK_CAPTURE_AUTORELEASING = YES;
				CLANG_WARN_BOOL_CONVERSION = YES;
				CLANG_WARN_COMMA = YES;
				CLANG_WARN_CONSTANT_CONVERSION = YES;
				CLANG_WARN_DEPRECATED_OBJC_IMPLEMENTATIONS = YES;
				CLANG_WARN_DIRECT_OBJC_ISA_USAGE = YES_ERROR;
				CLANG_WARN_EMPTY_BODY = YES;
				CLANG_WARN_ENUM_CONVERSION = YES;
				CLANG_WARN_INFINITE_RECURSION = YES;
				CLANG_WARN_INT_CONVERSION = YES;
				CLANG_WARN_NON_LITERAL_NULL_CONVERSION = YES;
				CLANG_WARN_OBJC_IMPLICIT_RETAIN_SELF = YES;
				CLANG_WARN_OBJC_LITERAL_CONVERSION = YES;
				CLANG_WARN_OBJC_ROOT_CLASS = YES_ERROR;
				CLANG_WARN_RANGE_LOOP_ANALYSIS = YES;
				CLANG_WARN_STRICT_PROTOTYPES = YES;
				CLANG_WARN_SUSPICIOUS_MOVE = YES;
				CLANG_WARN_UNREACHABLE_CODE = YES;
				CLANG_WARN__DUPLICATE_METHOD_MATCH = YES;
				COPY_PHASE_STRIP = NO;
				ENABLE_STRICT_OBJC_MSGSEND = YES;
				ENABLE_TESTABILITY = YES;
				FRAMEWORK_SEARCH_PATHS = "";
				GCC_C_LANGUAGE_STANDARD = gnu99;
				GCC_DYNAMIC_NO_PIC = NO;
				GCC_NO_COMMON_BLOCKS = YES;
				GCC_OPTIMIZATION_LEVEL = 0;
				GCC_PREPROCESSOR_DEFINITIONS = (
					"DEBUG=1",
					"$(inherited)",
				);
				GCC_SYMBOLS_PRIVATE_EXTERN = NO;
				GCC_WARN_64_TO_32_BIT_CONVERSION = YES;
				GCC_WARN_ABOUT_RETURN_TYPE = YES_ERROR;
				GCC_WARN_UNDECLARED_SELECTOR = YES;
				GCC_WARN_UNINITIALIZED_AUTOS = YES_AGGRESSIVE;
				GCC_WARN_UNUSED_FUNCTION = YES;
				GCC_WARN_UNUSED_VARIABLE = YES;
				IPHONEOS_DEPLOYMENT_TARGET = 8.0;
				LIBRARY_SEARCH_PATHS = "";
				MTL_ENABLE_DEBUG_INFO = YES;
				ONLY_ACTIVE_ARCH = YES;
				SDKROOT = iphoneos;
			};
			name = Beta.Debug;
		};
		3DBF708D3D314648B982C986 /* Beta.Release */ = {
			isa = XCBuildConfiguration;
			buildSettings = {
				FRAMEWORK_SEARCH_PATHS = (
					"$(inherited)",
					"$(PROJECT_DIR)",
				);
				HEADER_SEARCH_PATHS = (
					"$(inherited)",
					/Applications/Xcode.app/Contents/Developer/Toolchains/XcodeDefault.xctoolchain/usr/include,
					"$(SRCROOT)/../../../React/**",
					"$(SRCROOT)/../../react-native/React/**",
				);
				LIBRARY_SEARCH_PATHS = (
					"$(inherited)",
					"$(PROJECT_DIR)/GlucometerSDK",
				);
				OTHER_LDFLAGS = "-ObjC";
				PRODUCT_NAME = RNCooey;
				SKIP_INSTALL = YES;
			};
			name = Beta.Release;
		};
		58B511ED1A9E6C8500147676 /* Debug */ = {
			isa = XCBuildConfiguration;
			buildSettings = {
				ALWAYS_SEARCH_USER_PATHS = NO;
				CLANG_CXX_LANGUAGE_STANDARD = "gnu++0x";
				CLANG_CXX_LIBRARY = "libc++";
				CLANG_ENABLE_MODULES = YES;
				CLANG_ENABLE_OBJC_ARC = YES;
				CLANG_WARN_BLOCK_CAPTURE_AUTORELEASING = YES;
				CLANG_WARN_BOOL_CONVERSION = YES;
				CLANG_WARN_COMMA = YES;
				CLANG_WARN_CONSTANT_CONVERSION = YES;
				CLANG_WARN_DEPRECATED_OBJC_IMPLEMENTATIONS = YES;
				CLANG_WARN_DIRECT_OBJC_ISA_USAGE = YES_ERROR;
				CLANG_WARN_EMPTY_BODY = YES;
				CLANG_WARN_ENUM_CONVERSION = YES;
				CLANG_WARN_INFINITE_RECURSION = YES;
				CLANG_WARN_INT_CONVERSION = YES;
				CLANG_WARN_NON_LITERAL_NULL_CONVERSION = YES;
				CLANG_WARN_OBJC_IMPLICIT_RETAIN_SELF = YES;
				CLANG_WARN_OBJC_LITERAL_CONVERSION = YES;
				CLANG_WARN_OBJC_ROOT_CLASS = YES_ERROR;
				CLANG_WARN_RANGE_LOOP_ANALYSIS = YES;
				CLANG_WARN_STRICT_PROTOTYPES = YES;
				CLANG_WARN_SUSPICIOUS_MOVE = YES;
				CLANG_WARN_UNREACHABLE_CODE = YES;
				CLANG_WARN__DUPLICATE_METHOD_MATCH = YES;
				COPY_PHASE_STRIP = NO;
				ENABLE_STRICT_OBJC_MSGSEND = YES;
				ENABLE_TESTABILITY = YES;
				FRAMEWORK_SEARCH_PATHS = "";
				GCC_C_LANGUAGE_STANDARD = gnu99;
				GCC_DYNAMIC_NO_PIC = NO;
				GCC_NO_COMMON_BLOCKS = YES;
				GCC_OPTIMIZATION_LEVEL = 0;
				GCC_PREPROCESSOR_DEFINITIONS = (
					"DEBUG=1",
					"$(inherited)",
				);
				GCC_SYMBOLS_PRIVATE_EXTERN = NO;
				GCC_WARN_64_TO_32_BIT_CONVERSION = YES;
				GCC_WARN_ABOUT_RETURN_TYPE = YES_ERROR;
				GCC_WARN_UNDECLARED_SELECTOR = YES;
				GCC_WARN_UNINITIALIZED_AUTOS = YES_AGGRESSIVE;
				GCC_WARN_UNUSED_FUNCTION = YES;
				GCC_WARN_UNUSED_VARIABLE = YES;
				IPHONEOS_DEPLOYMENT_TARGET = 8.0;
				LIBRARY_SEARCH_PATHS = "";
				MTL_ENABLE_DEBUG_INFO = YES;
				ONLY_ACTIVE_ARCH = YES;
				SDKROOT = iphoneos;
			};
			name = Debug;
		};
		58B511EE1A9E6C8500147676 /* Release */ = {
			isa = XCBuildConfiguration;
			buildSettings = {
				ALWAYS_SEARCH_USER_PATHS = NO;
				CLANG_CXX_LANGUAGE_STANDARD = "gnu++0x";
				CLANG_CXX_LIBRARY = "libc++";
				CLANG_ENABLE_MODULES = YES;
				CLANG_ENABLE_OBJC_ARC = YES;
				CLANG_WARN_BLOCK_CAPTURE_AUTORELEASING = YES;
				CLANG_WARN_BOOL_CONVERSION = YES;
				CLANG_WARN_COMMA = YES;
				CLANG_WARN_CONSTANT_CONVERSION = YES;
				CLANG_WARN_DEPRECATED_OBJC_IMPLEMENTATIONS = YES;
				CLANG_WARN_DIRECT_OBJC_ISA_USAGE = YES_ERROR;
				CLANG_WARN_EMPTY_BODY = YES;
				CLANG_WARN_ENUM_CONVERSION = YES;
				CLANG_WARN_INFINITE_RECURSION = YES;
				CLANG_WARN_INT_CONVERSION = YES;
				CLANG_WARN_NON_LITERAL_NULL_CONVERSION = YES;
				CLANG_WARN_OBJC_IMPLICIT_RETAIN_SELF = YES;
				CLANG_WARN_OBJC_LITERAL_CONVERSION = YES;
				CLANG_WARN_OBJC_ROOT_CLASS = YES_ERROR;
				CLANG_WARN_RANGE_LOOP_ANALYSIS = YES;
				CLANG_WARN_STRICT_PROTOTYPES = YES;
				CLANG_WARN_SUSPICIOUS_MOVE = YES;
				CLANG_WARN_UNREACHABLE_CODE = YES;
				CLANG_WARN__DUPLICATE_METHOD_MATCH = YES;
				COPY_PHASE_STRIP = YES;
				ENABLE_NS_ASSERTIONS = NO;
				ENABLE_STRICT_OBJC_MSGSEND = YES;
				FRAMEWORK_SEARCH_PATHS = "";
				GCC_C_LANGUAGE_STANDARD = gnu99;
				GCC_NO_COMMON_BLOCKS = YES;
				GCC_WARN_64_TO_32_BIT_CONVERSION = YES;
				GCC_WARN_ABOUT_RETURN_TYPE = YES_ERROR;
				GCC_WARN_UNDECLARED_SELECTOR = YES;
				GCC_WARN_UNINITIALIZED_AUTOS = YES_AGGRESSIVE;
				GCC_WARN_UNUSED_FUNCTION = YES;
				GCC_WARN_UNUSED_VARIABLE = YES;
				IPHONEOS_DEPLOYMENT_TARGET = 8.0;
				LIBRARY_SEARCH_PATHS = "";
				MTL_ENABLE_DEBUG_INFO = NO;
				SDKROOT = iphoneos;
				VALIDATE_PRODUCT = YES;
			};
			name = Release;
		};
		58B511F01A9E6C8500147676 /* Debug */ = {
			isa = XCBuildConfiguration;
			buildSettings = {
				FRAMEWORK_SEARCH_PATHS = (
					"$(inherited)",
					"$(PROJECT_DIR)",
				);
				HEADER_SEARCH_PATHS = (
					"$(inherited)",
					/Applications/Xcode.app/Contents/Developer/Toolchains/XcodeDefault.xctoolchain/usr/include,
					"$(SRCROOT)/../../../React/**",
					"$(SRCROOT)/../../react-native/React/**",
				);
				LIBRARY_SEARCH_PATHS = (
					"$(inherited)",
					"$(PROJECT_DIR)/GlucometerSDK",
				);
				OTHER_LDFLAGS = "-ObjC";
				PRODUCT_NAME = RNCooey;
				SKIP_INSTALL = YES;
			};
			name = Debug;
		};
		58B511F11A9E6C8500147676 /* Release */ = {
			isa = XCBuildConfiguration;
			buildSettings = {
				FRAMEWORK_SEARCH_PATHS = (
					"$(inherited)",
					"$(PROJECT_DIR)",
				);
				HEADER_SEARCH_PATHS = (
					"$(inherited)",
					/Applications/Xcode.app/Contents/Developer/Toolchains/XcodeDefault.xctoolchain/usr/include,
					"$(SRCROOT)/../../../React/**",
					"$(SRCROOT)/../../react-native/React/**",
				);
				LIBRARY_SEARCH_PATHS = (
					"$(inherited)",
					"$(PROJECT_DIR)/GlucometerSDK",
				);
				OTHER_LDFLAGS = "-ObjC";
				PRODUCT_NAME = RNCooey;
				SKIP_INSTALL = YES;
			};
			name = Release;
		};
		5967E630FB534F6B9DE9DFE5 /* Beta.Release */ = {
			isa = XCBuildConfiguration;
			buildSettings = {
				ALWAYS_SEARCH_USER_PATHS = NO;
				CLANG_CXX_LANGUAGE_STANDARD = "gnu++0x";
				CLANG_CXX_LIBRARY = "libc++";
				CLANG_ENABLE_MODULES = YES;
				CLANG_ENABLE_OBJC_ARC = YES;
				CLANG_WARN_BLOCK_CAPTURE_AUTORELEASING = YES;
				CLANG_WARN_BOOL_CONVERSION = YES;
				CLANG_WARN_COMMA = YES;
				CLANG_WARN_CONSTANT_CONVERSION = YES;
				CLANG_WARN_DEPRECATED_OBJC_IMPLEMENTATIONS = YES;
				CLANG_WARN_DIRECT_OBJC_ISA_USAGE = YES_ERROR;
				CLANG_WARN_EMPTY_BODY = YES;
				CLANG_WARN_ENUM_CONVERSION = YES;
				CLANG_WARN_INFINITE_RECURSION = YES;
				CLANG_WARN_INT_CONVERSION = YES;
				CLANG_WARN_NON_LITERAL_NULL_CONVERSION = YES;
				CLANG_WARN_OBJC_IMPLICIT_RETAIN_SELF = YES;
				CLANG_WARN_OBJC_LITERAL_CONVERSION = YES;
				CLANG_WARN_OBJC_ROOT_CLASS = YES_ERROR;
				CLANG_WARN_RANGE_LOOP_ANALYSIS = YES;
				CLANG_WARN_STRICT_PROTOTYPES = YES;
				CLANG_WARN_SUSPICIOUS_MOVE = YES;
				CLANG_WARN_UNREACHABLE_CODE = YES;
				CLANG_WARN__DUPLICATE_METHOD_MATCH = YES;
				COPY_PHASE_STRIP = YES;
				ENABLE_NS_ASSERTIONS = NO;
				ENABLE_STRICT_OBJC_MSGSEND = YES;
				FRAMEWORK_SEARCH_PATHS = "";
				GCC_C_LANGUAGE_STANDARD = gnu99;
				GCC_NO_COMMON_BLOCKS = YES;
				GCC_WARN_64_TO_32_BIT_CONVERSION = YES;
				GCC_WARN_ABOUT_RETURN_TYPE = YES_ERROR;
				GCC_WARN_UNDECLARED_SELECTOR = YES;
				GCC_WARN_UNINITIALIZED_AUTOS = YES_AGGRESSIVE;
				GCC_WARN_UNUSED_FUNCTION = YES;
				GCC_WARN_UNUSED_VARIABLE = YES;
				IPHONEOS_DEPLOYMENT_TARGET = 8.0;
				LIBRARY_SEARCH_PATHS = "";
				MTL_ENABLE_DEBUG_INFO = NO;
				SDKROOT = iphoneos;
				VALIDATE_PRODUCT = YES;
			};
			name = Beta.Release;
		};
		7446FDAE4D234723A7F67024 /* Beta.Debug */ = {
			isa = XCBuildConfiguration;
			buildSettings = {
				FRAMEWORK_SEARCH_PATHS = (
					"$(inherited)",
					"$(PROJECT_DIR)",
				);
				HEADER_SEARCH_PATHS = (
					"$(inherited)",
					/Applications/Xcode.app/Contents/Developer/Toolchains/XcodeDefault.xctoolchain/usr/include,
					"$(SRCROOT)/../../../React/**",
					"$(SRCROOT)/../../react-native/React/**",
				);
				LIBRARY_SEARCH_PATHS = (
					"$(inherited)",
					"$(PROJECT_DIR)/GlucometerSDK",
				);
				OTHER_LDFLAGS = "-ObjC";
				PRODUCT_NAME = RNCooey;
				SKIP_INSTALL = YES;
			};
			name = Beta.Debug;
		};
/* End XCBuildConfiguration section */

/* Begin XCConfigurationList section */
		58B511D61A9E6C8500147676 /* Build configuration list for PBXProject "RNCooey" */ = {
			isa = XCConfigurationList;
			buildConfigurations = (
				58B511ED1A9E6C8500147676 /* Debug */,
				58B511EE1A9E6C8500147676 /* Release */,
				0A04CABE43304212BCA0405A /* Beta.Debug */,
				5967E630FB534F6B9DE9DFE5 /* Beta.Release */,
			);
			defaultConfigurationIsVisible = 0;
			defaultConfigurationName = Release;
		};
		58B511EF1A9E6C8500147676 /* Build configuration list for PBXNativeTarget "RNCooey" */ = {
			isa = XCConfigurationList;
			buildConfigurations = (
				58B511F01A9E6C8500147676 /* Debug */,
				58B511F11A9E6C8500147676 /* Release */,
				7446FDAE4D234723A7F67024 /* Beta.Debug */,
				3DBF708D3D314648B982C986 /* Beta.Release */,
			);
			defaultConfigurationIsVisible = 0;
			defaultConfigurationName = Release;
		};
/* End XCConfigurationList section */
	};
	rootObject = 58B511D31A9E6C8500147676 /* Project object */;
}
